<Solution>
  <Folder Name="/src/" />
  <Folder Name="/src/01 - Presentation/">
    <Project Path="src/Parking.API/Parking.API.csproj" />
  </Folder>
  <Folder Name="/src/02 - Service/">
    <Project Path="src/Parking.Service/Parking.Service.csproj" />
  </Folder>
  <Folder Name="/src/03 - Infrastructure/">
    <Project Path="src/Parking.Data/Parking.Data.csproj" />
    <Project Path="src/Parking.IoC/Parking.IoC.csproj" />
  </Folder>
  <Folder Name="/src/04 - Domain/">
    <Project Path="src/Parking.Domain/Parking.Domain.csproj" />
  </Folder>
  <Folder Name="/tests/" />
</Solution>
