<Solution>
  <Folder Name="/src/" />
  <Folder Name="/src/01 - Presentation/">
    <Project Path="src/Parking.API/Parking.API.csproj" />
  </Folder>
  <Folder Name="/src/02 - Service/">
    <Project Path="src/Parking.Service/Parking.Service.csproj" />
  </Folder>
  <Folder Name="/src/03 - Infrastructure/">
    <Project Path="src/Parking.Data/Parking.Data.csproj" />
    <Project Path="src/Parking.IoC/Parking.IoC.csproj" />
  </Folder>
  <Folder Name="/src/04 - Domain/">
    <Project Path="src/Parking.Domain/Parking.Domain.csproj" />
  </Folder>
  <Folder Name="/tests/">
    <Project Path="tests/Parking.Data.Test/Parking.Data.Test.csproj" Id="50d7407a-ce55-4c7c-b444-beac96038480" />
    <Project Path="tests/Parking.Domain.Test/Parking.Domain.Test.csproj" Id="62b68ffb-b50d-46a6-a2e4-ea04bc4f3b40" />
  </Folder>
</Solution>
